
Microsoft Visual Studio Solution File, Format Version 12.00
# Visual Studio Version 17
VisualStudioVersion = 17.14.36221.1
MinimumVisualStudioVersion = 10.0.40219.1
Project("{2150E333-8FDC-42A3-9474-1A3956D46DE8}") = "src", "src", "{02EA681E-C7D8-13C7-8484-4AC65E1B71E8}"
EndProject
Project("{2150E333-8FDC-42A3-9474-1A3956D46DE8}") = "tests", "tests", "{0DA95265-7F35-4414-8C38-DA91956C8FED}"
EndProject
Project("{2150E333-8FDC-42A3-9474-1A3956D46DE8}") = "Modules", "Modules", "{AF2E0EC8-0D67-48AE-87B3-F110FC5BAB03}"
EndProject
Project("{2150E333-8FDC-42A3-9474-1A3956D46DE8}") = "User", "User", "{59609113-D736-40BC-A847-8361D83B613A}"
EndProject
Project("{2150E333-8FDC-42A3-9474-1A3956D46DE8}") = "Chat", "Chat", "{3A791AF5-A24E-49B9-94F3-BE0ECD0F450E}"
EndProject
Project("{2150E333-8FDC-42A3-9474-1A3956D46DE8}") = "Notification", "Notification", "{98126813-4F91-494F-8A22-844C2B4D29C1}"
EndProject
Project("{FAE04EC0-301F-11D3-BF4B-00C04F79EFBC}") = "HatChao.Modules.User.Domain", "src\Modules\User\HatChao.Modules.User.Domain\HatChao.Modules.User.Domain.csproj", "{23290313-B417-4290-B55C-C6F8330739C3}"
EndProject
Global
	GlobalSection(SolutionConfigurationPlatforms) = preSolution
		Debug|Any CPU = Debug|Any CPU
		Release|Any CPU = Release|Any CPU
	EndGlobalSection
	GlobalSection(ProjectConfigurationPlatforms) = postSolution
		{23290313-B417-4290-B55C-C6F8330739C3}.Debug|Any CPU.ActiveCfg = Debug|Any CPU
		{23290313-B417-4290-B55C-C6F8330739C3}.Debug|Any CPU.Build.0 = Debug|Any CPU
		{23290313-B417-4290-B55C-C6F8330739C3}.Release|Any CPU.ActiveCfg = Release|Any CPU
		{23290313-B417-4290-B55C-C6F8330739C3}.Release|Any CPU.Build.0 = Release|Any CPU
	EndGlobalSection
	GlobalSection(SolutionProperties) = preSolution
		HideSolutionNode = FALSE
	EndGlobalSection
	GlobalSection(NestedProjects) = preSolution
		{AF2E0EC8-0D67-48AE-87B3-F110FC5BAB03} = {02EA681E-C7D8-13C7-8484-4AC65E1B71E8}
		{59609113-D736-40BC-A847-8361D83B613A} = {AF2E0EC8-0D67-48AE-87B3-F110FC5BAB03}
		{3A791AF5-A24E-49B9-94F3-BE0ECD0F450E} = {AF2E0EC8-0D67-48AE-87B3-F110FC5BAB03}
		{98126813-4F91-494F-8A22-844C2B4D29C1} = {AF2E0EC8-0D67-48AE-87B3-F110FC5BAB03}
		{23290313-B417-4290-B55C-C6F8330739C3} = {59609113-D736-40BC-A847-8361D83B613A}
	EndGlobalSection
	GlobalSection(ExtensibilityGlobals) = postSolution
		SolutionGuid = {3668447B-E428-4D31-AE47-627DE9924215}
	EndGlobalSection
EndGlobal
